
Microsoft Visual Studio Solution File, Format Version 12.00
# Visual Studio Version 17
VisualStudioVersion = 17.6.33815.320
MinimumVisualStudioVersion = 10.0.40219.1
Project("{9A19103F-16F7-4668-BE54-9A1E7A4F7556}") = "Sparky", "Sparky\Sparky.csproj", "{256A1722-8D57-4CE0-8A4C-ABB9CBD4C528}"
EndProject
Project("{9A19103F-16F7-4668-BE54-9A1E7A4F7556}") = "SparkyMSTest", "SparkyMSTest\SparkyMSTest.csproj", "{C63F6F27-B044-47D8-AE1F-04EBB3D1B059}"
EndProject
Project("{9A19103F-16F7-4668-BE54-9A1E7A4F7556}") = "SparkyNUnitTest", "SparkyNUnitTest\SparkyNUnitTest.csproj", "{6BAAE59D-0634-466B-A389-AA62964F0701}"
EndProject
Project("{9A19103F-16F7-4668-BE54-9A1E7A4F7556}") = "SparkyXUnit", "SparkyXUnit\SparkyXUnit.csproj", "{84CD38D1-78E6-4DC9-9B47-BDB84B1F7F05}"
EndProject
Project("{2150E333-8FDC-42A3-9474-1A3956D46DE8}") = "Basic Foundation", "Basic Foundation", "{15B9FFA1-2174-4BA5-9191-EB1D21E039D6}"
EndProject
Project("{2150E333-8FDC-42A3-9474-1A3956D46DE8}") = "BongoWeb", "BongoWeb", "{05BB8662-781B-4247-8ED1-5E7AC6525F6E}"
EndProject
Project("{9A19103F-16F7-4668-BE54-9A1E7A4F7556}") = "Bongo.Core", "Bongo_InitialSetup (.NET 6)\Bongo.Core\Bongo.Core.csproj", "{1B5355BE-926A-489E-936D-90AC203155F3}"
EndProject
Project("{9A19103F-16F7-4668-BE54-9A1E7A4F7556}") = "Bongo.DataAccess", "Bongo_InitialSetup (.NET 6)\Bongo.DataAccess\Bongo.DataAccess.csproj", "{DEDFB0D6-3198-4320-9FB9-1FA3F18DBF21}"
EndProject
Project("{9A19103F-16F7-4668-BE54-9A1E7A4F7556}") = "Bongo.Models", "Bongo_InitialSetup (.NET 6)\Bongo.Models\Bongo.Models.csproj", "{357DB66C-2FE7-494B-8442-E588B27C5390}"
EndProject
Project("{9A19103F-16F7-4668-BE54-9A1E7A4F7556}") = "Bongo.Web", "Bongo_InitialSetup (.NET 6)\Bongo.Web\Bongo.Web.csproj", "{9902A7D3-E9EA-40B5-922F-EFF00B1B8E74}"
EndProject
Global
	GlobalSection(SolutionConfigurationPlatforms) = preSolution
		Debug|Any CPU = Debug|Any CPU
		Release|Any CPU = Release|Any CPU
	EndGlobalSection
	GlobalSection(ProjectConfigurationPlatforms) = postSolution
		{256A1722-8D57-4CE0-8A4C-ABB9CBD4C528}.Debug|Any CPU.ActiveCfg = Debug|Any CPU
		{256A1722-8D57-4CE0-8A4C-ABB9CBD4C528}.Debug|Any CPU.Build.0 = Debug|Any CPU
		{256A1722-8D57-4CE0-8A4C-ABB9CBD4C528}.Release|Any CPU.ActiveCfg = Release|Any CPU
		{256A1722-8D57-4CE0-8A4C-ABB9CBD4C528}.Release|Any CPU.Build.0 = Release|Any CPU
		{C63F6F27-B044-47D8-AE1F-04EBB3D1B059}.Debug|Any CPU.ActiveCfg = Debug|Any CPU
		{C63F6F27-B044-47D8-AE1F-04EBB3D1B059}.Debug|Any CPU.Build.0 = Debug|Any CPU
		{C63F6F27-B044-47D8-AE1F-04EBB3D1B059}.Release|Any CPU.ActiveCfg = Release|Any CPU
		{C63F6F27-B044-47D8-AE1F-04EBB3D1B059}.Release|Any CPU.Build.0 = Release|Any CPU
		{6BAAE59D-0634-466B-A389-AA62964F0701}.Debug|Any CPU.ActiveCfg = Debug|Any CPU
		{6BAAE59D-0634-466B-A389-AA62964F0701}.Debug|Any CPU.Build.0 = Debug|Any CPU
		{6BAAE59D-0634-466B-A389-AA62964F0701}.Release|Any CPU.ActiveCfg = Release|Any CPU
		{6BAAE59D-0634-466B-A389-AA62964F0701}.Release|Any CPU.Build.0 = Release|Any CPU
		{84CD38D1-78E6-4DC9-9B47-BDB84B1F7F05}.Debug|Any CPU.ActiveCfg = Debug|Any CPU
		{84CD38D1-78E6-4DC9-9B47-BDB84B1F7F05}.Debug|Any CPU.Build.0 = Debug|Any CPU
		{84CD38D1-78E6-4DC9-9B47-BDB84B1F7F05}.Release|Any CPU.ActiveCfg = Release|Any CPU
		{84CD38D1-78E6-4DC9-9B47-BDB84B1F7F05}.Release|Any CPU.Build.0 = Release|Any CPU
		{1B5355BE-926A-489E-936D-90AC203155F3}.Debug|Any CPU.ActiveCfg = Debug|Any CPU
		{1B5355BE-926A-489E-936D-90AC203155F3}.Debug|Any CPU.Build.0 = Debug|Any CPU
		{1B5355BE-926A-489E-936D-90AC203155F3}.Release|Any CPU.ActiveCfg = Release|Any CPU
		{1B5355BE-926A-489E-936D-90AC203155F3}.Release|Any CPU.Build.0 = Release|Any CPU
		{DEDFB0D6-3198-4320-9FB9-1FA3F18DBF21}.Debug|Any CPU.ActiveCfg = Debug|Any CPU
		{DEDFB0D6-3198-4320-9FB9-1FA3F18DBF21}.Debug|Any CPU.Build.0 = Debug|Any CPU
		{DEDFB0D6-3198-4320-9FB9-1FA3F18DBF21}.Release|Any CPU.ActiveCfg = Release|Any CPU
		{DEDFB0D6-3198-4320-9FB9-1FA3F18DBF21}.Release|Any CPU.Build.0 = Release|Any CPU
		{357DB66C-2FE7-494B-8442-E588B27C5390}.Debug|Any CPU.ActiveCfg = Debug|Any CPU
		{357DB66C-2FE7-494B-8442-E588B27C5390}.Debug|Any CPU.Build.0 = Debug|Any CPU
		{357DB66C-2FE7-494B-8442-E588B27C5390}.Release|Any CPU.ActiveCfg = Release|Any CPU
		{357DB66C-2FE7-494B-8442-E588B27C5390}.Release|Any CPU.Build.0 = Release|Any CPU
		{9902A7D3-E9EA-40B5-922F-EFF00B1B8E74}.Debug|Any CPU.ActiveCfg = Debug|Any CPU
		{9902A7D3-E9EA-40B5-922F-EFF00B1B8E74}.Debug|Any CPU.Build.0 = Debug|Any CPU
		{9902A7D3-E9EA-40B5-922F-EFF00B1B8E74}.Release|Any CPU.ActiveCfg = Release|Any CPU
		{9902A7D3-E9EA-40B5-922F-EFF00B1B8E74}.Release|Any CPU.Build.0 = Release|Any CPU
	EndGlobalSection
	GlobalSection(SolutionProperties) = preSolution
		HideSolutionNode = FALSE
	EndGlobalSection
	GlobalSection(NestedProjects) = preSolution
		{256A1722-8D57-4CE0-8A4C-ABB9CBD4C528} = {15B9FFA1-2174-4BA5-9191-EB1D21E039D6}
		{C63F6F27-B044-47D8-AE1F-04EBB3D1B059} = {15B9FFA1-2174-4BA5-9191-EB1D21E039D6}
		{6BAAE59D-0634-466B-A389-AA62964F0701} = {15B9FFA1-2174-4BA5-9191-EB1D21E039D6}
		{84CD38D1-78E6-4DC9-9B47-BDB84B1F7F05} = {15B9FFA1-2174-4BA5-9191-EB1D21E039D6}
		{1B5355BE-926A-489E-936D-90AC203155F3} = {05BB8662-781B-4247-8ED1-5E7AC6525F6E}
		{DEDFB0D6-3198-4320-9FB9-1FA3F18DBF21} = {05BB8662-781B-4247-8ED1-5E7AC6525F6E}
		{357DB66C-2FE7-494B-8442-E588B27C5390} = {05BB8662-781B-4247-8ED1-5E7AC6525F6E}
		{9902A7D3-E9EA-40B5-922F-EFF00B1B8E74} = {05BB8662-781B-4247-8ED1-5E7AC6525F6E}
	EndGlobalSection
	GlobalSection(ExtensibilityGlobals) = postSolution
		SolutionGuid = {95ECD763-931C-4E9F-94B1-7664E6B3C516}
	EndGlobalSection
EndGlobal
